PODS:
  - Alamofire (5.3.0)
  - IDZSwiftCommonCrypto (0.13.0)
  - ObjectMapper (4.2.0)
  - ReachabilitySwift (5.0.0)
  - Starscream (4.0.4)
  - SVProgressHUD (2.2.5)

DEPENDENCIES:
  - Alamofire (~> 5.3.0)
  - IDZSwiftCommonCrypto (~> 0.13)
  - ObjectMapper (~> 4)
  - ReachabilitySwift
  - Starscream (~> 4.0.0)
  - SVProgressHUD

SPEC REPOS:
  trunk:
    - Alamofire
    - IDZSwiftCommonCrypto
    - ObjectMapper
    - ReachabilitySwift
    - Starscream
    - SVProgressHUD

SPEC CHECKSUMS:
  Alamofire: 2c792affbdc2f18016e08fdbcacd60aebe1ba593
  IDZSwiftCommonCrypto: 00dd37cdfbd149312a7e5a582cf9909f8b129f44
  ObjectMapper: 1eb41f610210777375fa806bf161dc39fb832b81
  ReachabilitySwift: 985039c6f7b23a1da463388634119492ff86c825
  Starscream: 5178aed56b316f13fa3bc55694e583d35dd414d9
  SVProgressHUD: 1428aafac632c1f86f62aa4243ec12008d7a51d6

PODFILE CHECKSUM: db4a1e4f15c44914b1e9ca954e6b6502df2b57e3

COCOAPODS: 1.11.3
